{
    "_readme": [
        "This file locks the dependencies of your project to a known state",
        "Read more about it at https://getcomposer.org/doc/01-basic-usage.md#composer-lock-the-lock-file",
        "This file is @generated automatically"
    ],
    "content-hash": "da888c4511878f996db75a8673e1aefb",
    "packages": [
        {
            "name": "johnniewalker/xandria",
            "version": "v0.0.4",
            "source": {
                "type": "git",
                "url": "https://github.com/johnniewalker/xandria.git",
                "reference": "dda7aacac311adbeef5945ad584336c61c3559e0"
            },
            "dist": {
                "type": "zip",
                "url": "https://api.github.com/repos/johnniewalker/xandria/zipball/dda7aacac311adbeef5945ad584336c61c3559e0",
                "reference": "dda7aacac311adbeef5945ad584336c61c3559e0",
                "shasum": ""
            },
            "require": {
                "php": ">=5.2.9"
            },
            "require-dev": {
                "codeception/codeception": "^2.4"
            },
            "type": "library",
            "autoload": {
                "psr-4": {
                    "Xandria\\": "src/"
                }
            },
            "notification-url": "https://packagist.org/downloads/",
            "license": [
                "Apache-2.0"
            ],
            "authors": [
                {
                    "name": "Johnnie Walker",
                    "homepage": "https://github.com/johnniewalker",
                    "role": "Developer"
                }
            ],
            "description": "A set of classes useful for implementing DDD, Object Mapping patterns.",
            "homepage": "https://github.com/johnniewalker/xandria",
            "keywords": [
                "datamapper",
                "ddd"
            ],
            "time": "2018-04-15T20:22:46+00:00"
        }
    ],
    "packages-dev": [],
    "aliases": [],
    "minimum-stability": "stable",
    "stability-flags": [],
    "prefer-stable": false,
    "prefer-lowest": false,
    "platform": [],
    "platform-dev": []
}
